
Microsoft Visual Studio Solution File, Format Version 12.00
# Visual Studio 15
VisualStudioVersion = 15.0.26124.0
MinimumVisualStudioVersion = 15.0.26124.0
Project("{2150E333-8FDC-42A3-9474-1A3956D46DE8}") = "src", "src", "{26D07505-DFB7-4B64-ABEC-0F3176FEB532}"
EndProject
Project("{FAE04EC0-301F-11D3-BF4B-00C04F79EFBC}") = "service", "src\service\service.csproj", "{FF1281DD-BF85-4B93-8678-A371B3811F24}"
EndProject
Global
	GlobalSection(SolutionConfigurationPlatforms) = preSolution
		Debug|Any CPU = Debug|Any CPU
		Debug|x64 = Debug|x64
		Debug|x86 = Debug|x86
		Release|Any CPU = Release|Any CPU
		Release|x64 = Release|x64
		Release|x86 = Release|x86
	EndGlobalSection
	GlobalSection(SolutionProperties) = preSolution
		HideSolutionNode = FALSE
	EndGlobalSection
	GlobalSection(ProjectConfigurationPlatforms) = postSolution
		{FF1281DD-BF85-4B93-8678-A371B3811F24}.Debug|Any CPU.ActiveCfg = Debug|Any CPU
		{FF1281DD-BF85-4B93-8678-A371B3811F24}.Debug|Any CPU.Build.0 = Debug|Any CPU
		{FF1281DD-BF85-4B93-8678-A371B3811F24}.Debug|x64.ActiveCfg = Debug|x64
		{FF1281DD-BF85-4B93-8678-A371B3811F24}.Debug|x64.Build.0 = Debug|x64
		{FF1281DD-BF85-4B93-8678-A371B3811F24}.Debug|x86.ActiveCfg = Debug|x86
		{FF1281DD-BF85-4B93-8678-A371B3811F24}.Debug|x86.Build.0 = Debug|x86
		{FF1281DD-BF85-4B93-8678-A371B3811F24}.Release|Any CPU.ActiveCfg = Release|Any CPU
		{FF1281DD-BF85-4B93-8678-A371B3811F24}.Release|Any CPU.Build.0 = Release|Any CPU
		{FF1281DD-BF85-4B93-8678-A371B3811F24}.Release|x64.ActiveCfg = Release|x64
		{FF1281DD-BF85-4B93-8678-A371B3811F24}.Release|x64.Build.0 = Release|x64
		{FF1281DD-BF85-4B93-8678-A371B3811F24}.Release|x86.ActiveCfg = Release|x86
		{FF1281DD-BF85-4B93-8678-A371B3811F24}.Release|x86.Build.0 = Release|x86
	EndGlobalSection
	GlobalSection(NestedProjects) = preSolution
		{FF1281DD-BF85-4B93-8678-A371B3811F24} = {26D07505-DFB7-4B64-ABEC-0F3176FEB532}
	EndGlobalSection
EndGlobal
